// !$*UTF8*$!
{
	archiveVersion = 1;
	classes = {
	};
	objectVersion = 56;
	objects = {

/* Begin PBXBuildFile section */
		240E0A492C6B53D5003A212B /* Alamofire in Frameworks */ = {isa = PBXBuildFile; productRef = 240E0A482C6B53D5003A212B /* Alamofire */; };
		241E4F192C64A6F10001621A /* SearchTableViewCell.swift in Sources */ = {isa = PBXBuildFile; fileRef = 241E4F182C64A6F10001621A /* SearchTableViewCell.swift */; };
		241E4F1B2C64ACF80001621A /* ItunesResponse.swift in Sources */ = {isa = PBXBuildFile; fileRef = 241E4F1A2C64ACF80001621A /* ItunesResponse.swift */; };
		241E4F1D2C64B1E80001621A /* NetworkManager.swift in Sources */ = {isa = PBXBuildFile; fileRef = 241E4F1C2C64B1E80001621A /* NetworkManager.swift */; };
		241E4F1F2C64BBB30001621A /* ViewModelType.swift in Sources */ = {isa = PBXBuildFile; fileRef = 241E4F1E2C64BBB30001621A /* ViewModelType.swift */; };
		241E4F212C64BC5A0001621A /* UIViewController+.swift in Sources */ = {isa = PBXBuildFile; fileRef = 241E4F202C64BC5A0001621A /* UIViewController+.swift */; };
		241E4F272C64CA130001621A /* SearchDetailViewController.swift in Sources */ = {isa = PBXBuildFile; fileRef = 241E4F262C64CA130001621A /* SearchDetailViewController.swift */; };
		241E4F402C69FD4F0001621A /* ReuseIdentifierProtocol.swift in Sources */ = {isa = PBXBuildFile; fileRef = 241E4F3F2C69FD4F0001621A /* ReuseIdentifierProtocol.swift */; };
		249F36B62C6497DA00AE58BF /* AppDelegate.swift in Sources */ = {isa = PBXBuildFile; fileRef = 249F36B52C6497DA00AE58BF /* AppDelegate.swift */; };
		249F36B82C6497DA00AE58BF /* SceneDelegate.swift in Sources */ = {isa = PBXBuildFile; fileRef = 249F36B72C6497DA00AE58BF /* SceneDelegate.swift */; };
		249F36BA2C6497DA00AE58BF /* SearchViewController.swift in Sources */ = {isa = PBXBuildFile; fileRef = 249F36B92C6497DA00AE58BF /* SearchViewController.swift */; };
		249F36BF2C6497DB00AE58BF /* Assets.xcassets in Resources */ = {isa = PBXBuildFile; fileRef = 249F36BE2C6497DB00AE58BF /* Assets.xcassets */; };
		249F36C22C6497DB00AE58BF /* Base in Resources */ = {isa = PBXBuildFile; fileRef = 249F36C12C6497DB00AE58BF /* Base */; };
		249F36CA2C64980400AE58BF /* .gitignore in Resources */ = {isa = PBXBuildFile; fileRef = 249F36C92C64980400AE58BF /* .gitignore */; };
		249F36CC2C64983A00AE58BF /* APIKey.swift in Sources */ = {isa = PBXBuildFile; fileRef = 249F36CB2C64983A00AE58BF /* APIKey.swift */; };
		249F36CF2C6498E100AE58BF /* SnapKit in Frameworks */ = {isa = PBXBuildFile; productRef = 249F36CE2C6498E100AE58BF /* SnapKit */; };
		249F36D22C6498F500AE58BF /* RxCocoa in Frameworks */ = {isa = PBXBuildFile; productRef = 249F36D12C6498F500AE58BF /* RxCocoa */; };
		249F36D42C6498F500AE58BF /* RxSwift in Frameworks */ = {isa = PBXBuildFile; productRef = 249F36D32C6498F500AE58BF /* RxSwift */; };
		249F36D72C6498FD00AE58BF /* Then in Frameworks */ = {isa = PBXBuildFile; productRef = 249F36D62C6498FD00AE58BF /* Then */; };
		249F36DA2C64990900AE58BF /* Toast in Frameworks */ = {isa = PBXBuildFile; productRef = 249F36D92C64990900AE58BF /* Toast */; };
		249F36DD2C64992200AE58BF /* Kingfisher in Frameworks */ = {isa = PBXBuildFile; productRef = 249F36DC2C64992200AE58BF /* Kingfisher */; };
		249F36DF2C649ED500AE58BF /* TabBarController.swift in Sources */ = {isa = PBXBuildFile; fileRef = 249F36DE2C649ED500AE58BF /* TabBarController.swift */; };
		249F36E12C649F6400AE58BF /* TodayViewController.swift in Sources */ = {isa = PBXBuildFile; fileRef = 249F36E02C649F6400AE58BF /* TodayViewController.swift */; };
		249F36E32C649F7B00AE58BF /* GameViewController.swift in Sources */ = {isa = PBXBuildFile; fileRef = 249F36E22C649F7B00AE58BF /* GameViewController.swift */; };
		249F36E52C649FA800AE58BF /* AppViewController.swift in Sources */ = {isa = PBXBuildFile; fileRef = 249F36E42C649FA800AE58BF /* AppViewController.swift */; };
		249F36E72C649FC400AE58BF /* ArcadeViewController.swift in Sources */ = {isa = PBXBuildFile; fileRef = 249F36E62C649FC400AE58BF /* ArcadeViewController.swift */; };
		249F36ED2C64A3A200AE58BF /* SearchViewModel.swift in Sources */ = {isa = PBXBuildFile; fileRef = 249F36EC2C64A3A200AE58BF /* SearchViewModel.swift */; };
/* End PBXBuildFile section */

/* Begin PBXFileReference section */
		241E4F182C64A6F10001621A /* SearchTableViewCell.swift */ = {isa = PBXFileReference; lastKnownFileType = sourcecode.swift; path = SearchTableViewCell.swift; sourceTree = "<group>"; };
		241E4F1A2C64ACF80001621A /* ItunesResponse.swift */ = {isa = PBXFileReference; lastKnownFileType = sourcecode.swift; path = ItunesResponse.swift; sourceTree = "<group>"; };
		241E4F1C2C64B1E80001621A /* NetworkManager.swift */ = {isa = PBXFileReference; lastKnownFileType = sourcecode.swift; path = NetworkManager.swift; sourceTree = "<group>"; };
		241E4F1E2C64BBB30001621A /* ViewModelType.swift */ = {isa = PBXFileReference; lastKnownFileType = sourcecode.swift; path = ViewModelType.swift; sourceTree = "<group>"; };
		241E4F202C64BC5A0001621A /* UIViewController+.swift */ = {isa = PBXFileReference; lastKnownFileType = sourcecode.swift; path = "UIViewController+.swift"; sourceTree = "<group>"; };
		241E4F262C64CA130001621A /* SearchDetailViewController.swift */ = {isa = PBXFileReference; lastKnownFileType = sourcecode.swift; path = SearchDetailViewController.swift; sourceTree = "<group>"; };
		241E4F3F2C69FD4F0001621A /* ReuseIdentifierProtocol.swift */ = {isa = PBXFileReference; lastKnownFileType = sourcecode.swift; path = ReuseIdentifierProtocol.swift; sourceTree = "<group>"; };
		249F36B22C6497DA00AE58BF /* ITunesSearch.app */ = {isa = PBXFileReference; explicitFileType = wrapper.application; includeInIndex = 0; path = ITunesSearch.app; sourceTree = BUILT_PRODUCTS_DIR; };
		249F36B52C6497DA00AE58BF /* AppDelegate.swift */ = {isa = PBXFileReference; lastKnownFileType = sourcecode.swift; path = AppDelegate.swift; sourceTree = "<group>"; };
		249F36B72C6497DA00AE58BF /* SceneDelegate.swift */ = {isa = PBXFileReference; lastKnownFileType = sourcecode.swift; path = SceneDelegate.swift; sourceTree = "<group>"; };
		249F36B92C6497DA00AE58BF /* SearchViewController.swift */ = {isa = PBXFileReference; lastKnownFileType = sourcecode.swift; path = SearchViewController.swift; sourceTree = "<group>"; };
		249F36BE2C6497DB00AE58BF /* Assets.xcassets */ = {isa = PBXFileReference; lastKnownFileType = folder.assetcatalog; path = Assets.xcassets; sourceTree = "<group>"; };
		249F36C12C6497DB00AE58BF /* Base */ = {isa = PBXFileReference; lastKnownFileType = file.storyboard; name = Base; path = Base.lproj/LaunchScreen.storyboard; sourceTree = "<group>"; };
		249F36C32C6497DB00AE58BF /* Info.plist */ = {isa = PBXFileReference; lastKnownFileType = text.plist.xml; path = Info.plist; sourceTree = "<group>"; };
		249F36C92C64980400AE58BF /* .gitignore */ = {isa = PBXFileReference; lastKnownFileType = text; path = .gitignore; sourceTree = "<group>"; };
		249F36CB2C64983A00AE58BF /* APIKey.swift */ = {isa = PBXFileReference; lastKnownFileType = sourcecode.swift; path = APIKey.swift; sourceTree = "<group>"; };
		249F36DE2C649ED500AE58BF /* TabBarController.swift */ = {isa = PBXFileReference; lastKnownFileType = sourcecode.swift; path = TabBarController.swift; sourceTree = "<group>"; };
		249F36E02C649F6400AE58BF /* TodayViewController.swift */ = {isa = PBXFileReference; lastKnownFileType = sourcecode.swift; path = TodayViewController.swift; sourceTree = "<group>"; };
		249F36E22C649F7B00AE58BF /* GameViewController.swift */ = {isa = PBXFileReference; lastKnownFileType = sourcecode.swift; path = GameViewController.swift; sourceTree = "<group>"; };
		249F36E42C649FA800AE58BF /* AppViewController.swift */ = {isa = PBXFileReference; lastKnownFileType = sourcecode.swift; path = AppViewController.swift; sourceTree = "<group>"; };
		249F36E62C649FC400AE58BF /* ArcadeViewController.swift */ = {isa = PBXFileReference; lastKnownFileType = sourcecode.swift; path = ArcadeViewController.swift; sourceTree = "<group>"; };
		249F36EC2C64A3A200AE58BF /* SearchViewModel.swift */ = {isa = PBXFileReference; lastKnownFileType = sourcecode.swift; path = SearchViewModel.swift; sourceTree = "<group>"; };
/* End PBXFileReference section */

/* Begin PBXFrameworksBuildPhase section */
		249F36AF2C6497DA00AE58BF /* Frameworks */ = {
			isa = PBXFrameworksBuildPhase;
			buildActionMask = 2147483647;
			files = (
				249F36DD2C64992200AE58BF /* Kingfisher in Frameworks */,
				240E0A492C6B53D5003A212B /* Alamofire in Frameworks */,
				249F36D42C6498F500AE58BF /* RxSwift in Frameworks */,
				249F36D22C6498F500AE58BF /* RxCocoa in Frameworks */,
				249F36CF2C6498E100AE58BF /* SnapKit in Frameworks */,
				249F36DA2C64990900AE58BF /* Toast in Frameworks */,
				249F36D72C6498FD00AE58BF /* Then in Frameworks */,
			);
			runOnlyForDeploymentPostprocessing = 0;
		};
/* End PBXFrameworksBuildPhase section */

/* Begin PBXGroup section */
		241E4F222C64BE450001621A /* Extension */ = {
			isa = PBXGroup;
			children = (
				241E4F202C64BC5A0001621A /* UIViewController+.swift */,
			);
			path = Extension;
			sourceTree = "<group>";
		};
		241E4F232C64BE4B0001621A /* Protocol */ = {
			isa = PBXGroup;
			children = (
				241E4F1E2C64BBB30001621A /* ViewModelType.swift */,
				241E4F3F2C69FD4F0001621A /* ReuseIdentifierProtocol.swift */,
			);
			path = Protocol;
			sourceTree = "<group>";
		};
		241E4F242C64BE530001621A /* Network */ = {
			isa = PBXGroup;
			children = (
				241E4F1C2C64B1E80001621A /* NetworkManager.swift */,
			);
			path = Network;
			sourceTree = "<group>";
		};
		241E4F252C64BE570001621A /* Model */ = {
			isa = PBXGroup;
			children = (
				241E4F1A2C64ACF80001621A /* ItunesResponse.swift */,
			);
			path = Model;
			sourceTree = "<group>";
		};
		241E4F3C2C69F8AB0001621A /* unused */ = {
			isa = PBXGroup;
			children = (
				249F36E02C649F6400AE58BF /* TodayViewController.swift */,
				249F36E22C649F7B00AE58BF /* GameViewController.swift */,
				249F36E42C649FA800AE58BF /* AppViewController.swift */,
				249F36E62C649FC400AE58BF /* ArcadeViewController.swift */,
			);
			path = unused;
			sourceTree = "<group>";
		};
		241E4F3D2C69F8CB0001621A /* Search */ = {
			isa = PBXGroup;
			children = (
				249F36B92C6497DA00AE58BF /* SearchViewController.swift */,
				241E4F262C64CA130001621A /* SearchDetailViewController.swift */,
			);
			path = Search;
			sourceTree = "<group>";
		};
		241E4F3E2C69F8D00001621A /* TabBar */ = {
			isa = PBXGroup;
			children = (
				249F36DE2C649ED500AE58BF /* TabBarController.swift */,
			);
			path = TabBar;
			sourceTree = "<group>";
		};
		249F36A92C6497DA00AE58BF = {
			isa = PBXGroup;
			children = (
				249F36C92C64980400AE58BF /* .gitignore */,
				249F36B42C6497DA00AE58BF /* ITunesSearch */,
				249F36B32C6497DA00AE58BF /* Products */,
			);
			sourceTree = "<group>";
		};
		249F36B32C6497DA00AE58BF /* Products */ = {
			isa = PBXGroup;
			children = (
				249F36B22C6497DA00AE58BF /* ITunesSearch.app */,
			);
			name = Products;
			sourceTree = "<group>";
		};
		249F36B42C6497DA00AE58BF /* ITunesSearch */ = {
			isa = PBXGroup;
			children = (
				249F36E92C64A26100AE58BF /* Resource */,
				249F36C32C6497DB00AE58BF /* Info.plist */,
			);
			path = ITunesSearch;
			sourceTree = "<group>";
		};
		249F36E82C64A22800AE58BF /* ViewControllers */ = {
			isa = PBXGroup;
			children = (
				241E4F3E2C69F8D00001621A /* TabBar */,
				241E4F3C2C69F8AB0001621A /* unused */,
				241E4F3D2C69F8CB0001621A /* Search */,
			);
			path = ViewControllers;
			sourceTree = "<group>";
		};
		249F36E92C64A26100AE58BF /* Resource */ = {
			isa = PBXGroup;
			children = (
				249F36CB2C64983A00AE58BF /* APIKey.swift */,
				249F36B52C6497DA00AE58BF /* AppDelegate.swift */,
				249F36B72C6497DA00AE58BF /* SceneDelegate.swift */,
				249F36BE2C6497DB00AE58BF /* Assets.xcassets */,
				249F36C02C6497DB00AE58BF /* LaunchScreen.storyboard */,
				241E4F252C64BE570001621A /* Model */,
				241E4F242C64BE530001621A /* Network */,
				241E4F232C64BE4B0001621A /* Protocol */,
				241E4F222C64BE450001621A /* Extension */,
				249F36EA2C64A26A00AE58BF /* Source */,
			);
			path = Resource;
			sourceTree = "<group>";
		};
		249F36EA2C64A26A00AE58BF /* Source */ = {
			isa = PBXGroup;
			children = (
				249F36E82C64A22800AE58BF /* ViewControllers */,
				249F36EB2C64A38500AE58BF /* ViewModels */,
				249F36EE2C64A3B200AE58BF /* Cell */,
			);
			path = Source;
			sourceTree = "<group>";
		};
		249F36EB2C64A38500AE58BF /* ViewModels */ = {
			isa = PBXGroup;
			children = (
				249F36EC2C64A3A200AE58BF /* SearchViewModel.swift */,
			);
			path = ViewModels;
			sourceTree = "<group>";
		};
		249F36EE2C64A3B200AE58BF /* Cell */ = {
			isa = PBXGroup;
			children = (
				241E4F182C64A6F10001621A /* SearchTableViewCell.swift */,
			);
			path = Cell;
			sourceTree = "<group>";
		};
/* End PBXGroup section */

/* Begin PBXNativeTarget section */
		249F36B12C6497DA00AE58BF /* ITunesSearch */ = {
			isa = PBXNativeTarget;
			buildConfigurationList = 249F36C62C6497DB00AE58BF /* Build configuration list for PBXNativeTarget "ITunesSearch" */;
			buildPhases = (
				249F36AE2C6497DA00AE58BF /* Sources */,
				249F36AF2C6497DA00AE58BF /* Frameworks */,
				249F36B02C6497DA00AE58BF /* Resources */,
			);
			buildRules = (
			);
			dependencies = (
			);
			name = ITunesSearch;
			packageProductDependencies = (
				249F36CE2C6498E100AE58BF /* SnapKit */,
				249F36D12C6498F500AE58BF /* RxCocoa */,
				249F36D32C6498F500AE58BF /* RxSwift */,
				249F36D62C6498FD00AE58BF /* Then */,
				249F36D92C64990900AE58BF /* Toast */,
				249F36DC2C64992200AE58BF /* Kingfisher */,
				240E0A482C6B53D5003A212B /* Alamofire */,
			);
			productName = ITunesSearch;
			productReference = 249F36B22C6497DA00AE58BF /* ITunesSearch.app */;
			productType = "com.apple.product-type.application";
		};
/* End PBXNativeTarget section */

/* Begin PBXProject section */
		249F36AA2C6497DA00AE58BF /* Project object */ = {
			isa = PBXProject;
			attributes = {
				BuildIndependentTargetsInParallel = 1;
				LastSwiftUpdateCheck = 1540;
				LastUpgradeCheck = 1540;
				TargetAttributes = {
					249F36B12C6497DA00AE58BF = {
						CreatedOnToolsVersion = 15.4;
					};
				};
			};
			buildConfigurationList = 249F36AD2C6497DA00AE58BF /* Build configuration list for PBXProject "ITunesSearch" */;
			compatibilityVersion = "Xcode 14.0";
			developmentRegion = en;
			hasScannedForEncodings = 0;
			knownRegions = (
				en,
				Base,
			);
			mainGroup = 249F36A92C6497DA00AE58BF;
			packageReferences = (
				249F36CD2C6498E100AE58BF /* XCRemoteSwiftPackageReference "SnapKit" */,
				249F36D02C6498F400AE58BF /* XCRemoteSwiftPackageReference "RxSwift" */,
				249F36D52C6498FD00AE58BF /* XCRemoteSwiftPackageReference "Then" */,
				249F36D82C64990900AE58BF /* XCRemoteSwiftPackageReference "Toast-Swift" */,
				249F36DB2C64992200AE58BF /* XCRemoteSwiftPackageReference "Kingfisher" */,
				240E0A472C6B53D5003A212B /* XCRemoteSwiftPackageReference "Alamofire" */,
			);
			productRefGroup = 249F36B32C6497DA00AE58BF /* Products */;
			projectDirPath = "";
			projectRoot = "";
			targets = (
				249F36B12C6497DA00AE58BF /* ITunesSearch */,
			);
		};
/* End PBXProject section */

/* Begin PBXResourcesBuildPhase section */
		249F36B02C6497DA00AE58BF /* Resources */ = {
			isa = PBXResourcesBuildPhase;
			buildActionMask = 2147483647;
			files = (
				249F36CA2C64980400AE58BF /* .gitignore in Resources */,
				249F36BF2C6497DB00AE58BF /* Assets.xcassets in Resources */,
				249F36C22C6497DB00AE58BF /* Base in Resources */,
			);
			runOnlyForDeploymentPostprocessing = 0;
		};
/* End PBXResourcesBuildPhase section */

/* Begin PBXSourcesBuildPhase section */
		249F36AE2C6497DA00AE58BF /* Sources */ = {
			isa = PBXSourcesBuildPhase;
			buildActionMask = 2147483647;
			files = (
				249F36E32C649F7B00AE58BF /* GameViewController.swift in Sources */,
				249F36BA2C6497DA00AE58BF /* SearchViewController.swift in Sources */,
				241E4F212C64BC5A0001621A /* UIViewController+.swift in Sources */,
				249F36E52C649FA800AE58BF /* AppViewController.swift in Sources */,
				241E4F1D2C64B1E80001621A /* NetworkManager.swift in Sources */,
				249F36B62C6497DA00AE58BF /* AppDelegate.swift in Sources */,
				241E4F272C64CA130001621A /* SearchDetailViewController.swift in Sources */,
				241E4F402C69FD4F0001621A /* ReuseIdentifierProtocol.swift in Sources */,
				241E4F192C64A6F10001621A /* SearchTableViewCell.swift in Sources */,
				241E4F1F2C64BBB30001621A /* ViewModelType.swift in Sources */,
				249F36E12C649F6400AE58BF /* TodayViewController.swift in Sources */,
				249F36CC2C64983A00AE58BF /* APIKey.swift in Sources */,
				249F36ED2C64A3A200AE58BF /* SearchViewModel.swift in Sources */,
				249F36DF2C649ED500AE58BF /* TabBarController.swift in Sources */,
				249F36B82C6497DA00AE58BF /* SceneDelegate.swift in Sources */,
				241E4F1B2C64ACF80001621A /* ItunesResponse.swift in Sources */,
				249F36E72C649FC400AE58BF /* ArcadeViewController.swift in Sources */,
			);
			runOnlyForDeploymentPostprocessing = 0;
		};
/* End PBXSourcesBuildPhase section */

/* Begin PBXVariantGroup section */
		249F36C02C6497DB00AE58BF /* LaunchScreen.storyboard */ = {
			isa = PBXVariantGroup;
			children = (
				249F36C12C6497DB00AE58BF /* Base */,
			);
			name = LaunchScreen.storyboard;
			sourceTree = "<group>";
		};
/* End PBXVariantGroup section */

/* Begin XCBuildConfiguration section */
		249F36C42C6497DB00AE58BF /* Debug */ = {
			isa = XCBuildConfiguration;
			buildSettings = {
				ALWAYS_SEARCH_USER_PATHS = NO;
				ASSETCATALOG_COMPILER_GENERATE_SWIFT_ASSET_SYMBOL_EXTENSIONS = YES;
				CLANG_ANALYZER_NONNULL = YES;
				CLANG_ANALYZER_NUMBER_OBJECT_CONVERSION = YES_AGGRESSIVE;
				CLANG_CXX_LANGUAGE_STANDARD = "gnu++20";
				CLANG_ENABLE_MODULES = YES;
				CLANG_ENABLE_OBJC_ARC = YES;
				CLANG_ENABLE_OBJC_WEAK = YES;
				CLANG_WARN_BLOCK_CAPTURE_AUTORELEASING = YES;
				CLANG_WARN_BOOL_CONVERSION = YES;
				CLANG_WARN_COMMA = YES;
				CLANG_WARN_CONSTANT_CONVERSION = YES;
				CLANG_WARN_DEPRECATED_OBJC_IMPLEMENTATIONS = YES;
				CLANG_WARN_DIRECT_OBJC_ISA_USAGE = YES_ERROR;
				CLANG_WARN_DOCUMENTATION_COMMENTS = YES;
				CLANG_WARN_EMPTY_BODY = YES;
				CLANG_WARN_ENUM_CONVERSION = YES;
				CLANG_WARN_INFINITE_RECURSION = YES;
				CLANG_WARN_INT_CONVERSION = YES;
				CLANG_WARN_NON_LITERAL_NULL_CONVERSION = YES;
				CLANG_WARN_OBJC_IMPLICIT_RETAIN_SELF = YES;
				CLANG_WARN_OBJC_LITERAL_CONVERSION = YES;
				CLANG_WARN_OBJC_ROOT_CLASS = YES_ERROR;
				CLANG_WARN_QUOTED_INCLUDE_IN_FRAMEWORK_HEADER = YES;
				CLANG_WARN_RANGE_LOOP_ANALYSIS = YES;
				CLANG_WARN_STRICT_PROTOTYPES = YES;
				CLANG_WARN_SUSPICIOUS_MOVE = YES;
				CLANG_WARN_UNGUARDED_AVAILABILITY = YES_AGGRESSIVE;
				CLANG_WARN_UNREACHABLE_CODE = YES;
				CLANG_WARN__DUPLICATE_METHOD_MATCH = YES;
				COPY_PHASE_STRIP = NO;
				DEBUG_INFORMATION_FORMAT = dwarf;
				ENABLE_STRICT_OBJC_MSGSEND = YES;
				ENABLE_TESTABILITY = YES;
				ENABLE_USER_SCRIPT_SANDBOXING = YES;
				GCC_C_LANGUAGE_STANDARD = gnu17;
				GCC_DYNAMIC_NO_PIC = NO;
				GCC_NO_COMMON_BLOCKS = YES;
				GCC_OPTIMIZATION_LEVEL = 0;
				GCC_PREPROCESSOR_DEFINITIONS = (
					"DEBUG=1",
					"$(inherited)",
				);
				GCC_WARN_64_TO_32_BIT_CONVERSION = YES;
				GCC_WARN_ABOUT_RETURN_TYPE = YES_ERROR;
				GCC_WARN_UNDECLARED_SELECTOR = YES;
				GCC_WARN_UNINITIALIZED_AUTOS = YES_AGGRESSIVE;
				GCC_WARN_UNUSED_FUNCTION = YES;
				GCC_WARN_UNUSED_VARIABLE = YES;
				IPHONEOS_DEPLOYMENT_TARGET = 17.5;
				LOCALIZATION_PREFERS_STRING_CATALOGS = YES;
				MTL_ENABLE_DEBUG_INFO = INCLUDE_SOURCE;
				MTL_FAST_MATH = YES;
				ONLY_ACTIVE_ARCH = YES;
				SDKROOT = iphoneos;
				SWIFT_ACTIVE_COMPILATION_CONDITIONS = "DEBUG $(inherited)";
				SWIFT_OPTIMIZATION_LEVEL = "-Onone";
			};
			name = Debug;
		};
		249F36C52C6497DB00AE58BF /* Release */ = {
			isa = XCBuildConfiguration;
			buildSettings = {
				ALWAYS_SEARCH_USER_PATHS = NO;
				ASSETCATALOG_COMPILER_GENERATE_SWIFT_ASSET_SYMBOL_EXTENSIONS = YES;
				CLANG_ANALYZER_NONNULL = YES;
				CLANG_ANALYZER_NUMBER_OBJECT_CONVERSION = YES_AGGRESSIVE;
				CLANG_CXX_LANGUAGE_STANDARD = "gnu++20";
				CLANG_ENABLE_MODULES = YES;
				CLANG_ENABLE_OBJC_ARC = YES;
				CLANG_ENABLE_OBJC_WEAK = YES;
				CLANG_WARN_BLOCK_CAPTURE_AUTORELEASING = YES;
				CLANG_WARN_BOOL_CONVERSION = YES;
				CLANG_WARN_COMMA = YES;
				CLANG_WARN_CONSTANT_CONVERSION = YES;
				CLANG_WARN_DEPRECATED_OBJC_IMPLEMENTATIONS = YES;
				CLANG_WARN_DIRECT_OBJC_ISA_USAGE = YES_ERROR;
				CLANG_WARN_DOCUMENTATION_COMMENTS = YES;
				CLANG_WARN_EMPTY_BODY = YES;
				CLANG_WARN_ENUM_CONVERSION = YES;
				CLANG_WARN_INFINITE_RECURSION = YES;
				CLANG_WARN_INT_CONVERSION = YES;
				CLANG_WARN_NON_LITERAL_NULL_CONVERSION = YES;
				CLANG_WARN_OBJC_IMPLICIT_RETAIN_SELF = YES;
				CLANG_WARN_OBJC_LITERAL_CONVERSION = YES;
				CLANG_WARN_OBJC_ROOT_CLASS = YES_ERROR;
				CLANG_WARN_QUOTED_INCLUDE_IN_FRAMEWORK_HEADER = YES;
				CLANG_WARN_RANGE_LOOP_ANALYSIS = YES;
				CLANG_WARN_STRICT_PROTOTYPES = YES;
				CLANG_WARN_SUSPICIOUS_MOVE = YES;
				CLANG_WARN_UNGUARDED_AVAILABILITY = YES_AGGRESSIVE;
				CLANG_WARN_UNREACHABLE_CODE = YES;
				CLANG_WARN__DUPLICATE_METHOD_MATCH = YES;
				COPY_PHASE_STRIP = NO;
				DEBUG_INFORMATION_FORMAT = "dwarf-with-dsym";
				ENABLE_NS_ASSERTIONS = NO;
				ENABLE_STRICT_OBJC_MSGSEND = YES;
				ENABLE_USER_SCRIPT_SANDBOXING = YES;
				GCC_C_LANGUAGE_STANDARD = gnu17;
				GCC_NO_COMMON_BLOCKS = YES;
				GCC_WARN_64_TO_32_BIT_CONVERSION = YES;
				GCC_WARN_ABOUT_RETURN_TYPE = YES_ERROR;
				GCC_WARN_UNDECLARED_SELECTOR = YES;
				GCC_WARN_UNINITIALIZED_AUTOS = YES_AGGRESSIVE;
				GCC_WARN_UNUSED_FUNCTION = YES;
				GCC_WARN_UNUSED_VARIABLE = YES;
				IPHONEOS_DEPLOYMENT_TARGET = 17.5;
				LOCALIZATION_PREFERS_STRING_CATALOGS = YES;
				MTL_ENABLE_DEBUG_INFO = NO;
				MTL_FAST_MATH = YES;
				SDKROOT = iphoneos;
				SWIFT_COMPILATION_MODE = wholemodule;
				VALIDATE_PRODUCT = YES;
			};
			name = Release;
		};
		249F36C72C6497DB00AE58BF /* Debug */ = {
			isa = XCBuildConfiguration;
			buildSettings = {
				ASSETCATALOG_COMPILER_APPICON_NAME = AppIcon;
				ASSETCATALOG_COMPILER_GLOBAL_ACCENT_COLOR_NAME = AccentColor;
				CODE_SIGN_STYLE = Automatic;
				CURRENT_PROJECT_VERSION = 1;
				DEVELOPMENT_TEAM = Z6H2JVV9PA;
				GENERATE_INFOPLIST_FILE = YES;
				INFOPLIST_FILE = ITunesSearch/Info.plist;
				INFOPLIST_KEY_UIApplicationSupportsIndirectInputEvents = YES;
				INFOPLIST_KEY_UILaunchStoryboardName = LaunchScreen;
				INFOPLIST_KEY_UISupportedInterfaceOrientations = UIInterfaceOrientationPortrait;
				INFOPLIST_KEY_UISupportedInterfaceOrientations_iPad = UIInterfaceOrientationPortrait;
				IPHONEOS_DEPLOYMENT_TARGET = 16.0;
				LD_RUNPATH_SEARCH_PATHS = (
					"$(inherited)",
					"@executable_path/Frameworks",
				);
				MARKETING_VERSION = 1.0;
				PRODUCT_BUNDLE_IDENTIFIER = com.ksm.ITunesSearch;
				PRODUCT_NAME = "$(TARGET_NAME)";
				SUPPORTED_PLATFORMS = "iphoneos iphonesimulator";
				SUPPORTS_MACCATALYST = NO;
				SUPPORTS_MAC_DESIGNED_FOR_IPHONE_IPAD = NO;
				SUPPORTS_XR_DESIGNED_FOR_IPHONE_IPAD = NO;
				SWIFT_EMIT_LOC_STRINGS = YES;
				SWIFT_VERSION = 5.0;
				TARGETED_DEVICE_FAMILY = 1;
			};
			name = Debug;
		};
		249F36C82C6497DB00AE58BF /* Release */ = {
			isa = XCBuildConfiguration;
			buildSettings = {
				ASSETCATALOG_COMPILER_APPICON_NAME = AppIcon;
				ASSETCATALOG_COMPILER_GLOBAL_ACCENT_COLOR_NAME = AccentColor;
				CODE_SIGN_STYLE = Automatic;
				CURRENT_PROJECT_VERSION = 1;
				DEVELOPMENT_TEAM = Z6H2JVV9PA;
				GENERATE_INFOPLIST_FILE = YES;
				INFOPLIST_FILE = ITunesSearch/Info.plist;
				INFOPLIST_KEY_UIApplicationSupportsIndirectInputEvents = YES;
				INFOPLIST_KEY_UILaunchStoryboardName = LaunchScreen;
				INFOPLIST_KEY_UISupportedInterfaceOrientations = UIInterfaceOrientationPortrait;
				INFOPLIST_KEY_UISupportedInterfaceOrientations_iPad = UIInterfaceOrientationPortrait;
				IPHONEOS_DEPLOYMENT_TARGET = 16.0;
				LD_RUNPATH_SEARCH_PATHS = (
					"$(inherited)",
					"@executable_path/Frameworks",
				);
				MARKETING_VERSION = 1.0;
				PRODUCT_BUNDLE_IDENTIFIER = com.ksm.ITunesSearch;
				PRODUCT_NAME = "$(TARGET_NAME)";
				SUPPORTED_PLATFORMS = "iphoneos iphonesimulator";
				SUPPORTS_MACCATALYST = NO;
				SUPPORTS_MAC_DESIGNED_FOR_IPHONE_IPAD = NO;
				SUPPORTS_XR_DESIGNED_FOR_IPHONE_IPAD = NO;
				SWIFT_EMIT_LOC_STRINGS = YES;
				SWIFT_VERSION = 5.0;
				TARGETED_DEVICE_FAMILY = 1;
			};
			name = Release;
		};
/* End XCBuildConfiguration section */

/* Begin XCConfigurationList section */
		249F36AD2C6497DA00AE58BF /* Build configuration list for PBXProject "ITunesSearch" */ = {
			isa = XCConfigurationList;
			buildConfigurations = (
				249F36C42C6497DB00AE58BF /* Debug */,
				249F36C52C6497DB00AE58BF /* Release */,
			);
			defaultConfigurationIsVisible = 0;
			defaultConfigurationName = Release;
		};
		249F36C62C6497DB00AE58BF /* Build configuration list for PBXNativeTarget "ITunesSearch" */ = {
			isa = XCConfigurationList;
			buildConfigurations = (
				249F36C72C6497DB00AE58BF /* Debug */,
				249F36C82C6497DB00AE58BF /* Release */,
			);
			defaultConfigurationIsVisible = 0;
			defaultConfigurationName = Release;
		};
/* End XCConfigurationList section */

/* Begin XCRemoteSwiftPackageReference section */
		240E0A472C6B53D5003A212B /* XCRemoteSwiftPackageReference "Alamofire" */ = {
			isa = XCRemoteSwiftPackageReference;
			repositoryURL = "https://github.com/Alamofire/Alamofire.git";
			requirement = {
				kind = upToNextMajorVersion;
				minimumVersion = 5.9.1;
			};
		};
		249F36CD2C6498E100AE58BF /* XCRemoteSwiftPackageReference "SnapKit" */ = {
			isa = XCRemoteSwiftPackageReference;
			repositoryURL = "https://github.com/SnapKit/SnapKit";
			requirement = {
				kind = upToNextMajorVersion;
				minimumVersion = 5.7.1;
			};
		};
		249F36D02C6498F400AE58BF /* XCRemoteSwiftPackageReference "RxSwift" */ = {
			isa = XCRemoteSwiftPackageReference;
			repositoryURL = "https://github.com/ReactiveX/RxSwift.git";
			requirement = {
				kind = upToNextMajorVersion;
				minimumVersion = 6.7.1;
			};
		};
		249F36D52C6498FD00AE58BF /* XCRemoteSwiftPackageReference "Then" */ = {
			isa = XCRemoteSwiftPackageReference;
			repositoryURL = "https://github.com/devxoul/Then.git";
			requirement = {
				kind = upToNextMajorVersion;
				minimumVersion = 3.0.0;
			};
		};
		249F36D82C64990900AE58BF /* XCRemoteSwiftPackageReference "Toast-Swift" */ = {
			isa = XCRemoteSwiftPackageReference;
			repositoryURL = "https://github.com/scalessec/Toast-Swift";
			requirement = {
				kind = upToNextMajorVersion;
				minimumVersion = 5.1.1;
			};
		};
		249F36DB2C64992200AE58BF /* XCRemoteSwiftPackageReference "Kingfisher" */ = {
			isa = XCRemoteSwiftPackageReference;
			repositoryURL = "https://github.com/onevcat/Kingfisher";
			requirement = {
				kind = upToNextMajorVersion;
				minimumVersion = 7.12.0;
			};
		};
/* End XCRemoteSwiftPackageReference section */

/* Begin XCSwiftPackageProductDependency section */
		240E0A482C6B53D5003A212B /* Alamofire */ = {
			isa = XCSwiftPackageProductDependency;
			package = 240E0A472C6B53D5003A212B /* XCRemoteSwiftPackageReference "Alamofire" */;
			productName = Alamofire;
		};
		249F36CE2C6498E100AE58BF /* SnapKit */ = {
			isa = XCSwiftPackageProductDependency;
			package = 249F36CD2C6498E100AE58BF /* XCRemoteSwiftPackageReference "SnapKit" */;
			productName = SnapKit;
		};
		249F36D12C6498F500AE58BF /* RxCocoa */ = {
			isa = XCSwiftPackageProductDependency;
			package = 249F36D02C6498F400AE58BF /* XCRemoteSwiftPackageReference "RxSwift" */;
			productName = RxCocoa;
		};
		249F36D32C6498F500AE58BF /* RxSwift */ = {
			isa = XCSwiftPackageProductDependency;
			package = 249F36D02C6498F400AE58BF /* XCRemoteSwiftPackageReference "RxSwift" */;
			productName = RxSwift;
		};
		249F36D62C6498FD00AE58BF /* Then */ = {
			isa = XCSwiftPackageProductDependency;
			package = 249F36D52C6498FD00AE58BF /* XCRemoteSwiftPackageReference "Then" */;
			productName = Then;
		};
		249F36D92C64990900AE58BF /* Toast */ = {
			isa = XCSwiftPackageProductDependency;
			package = 249F36D82C64990900AE58BF /* XCRemoteSwiftPackageReference "Toast-Swift" */;
			productName = Toast;
		};
		249F36DC2C64992200AE58BF /* Kingfisher */ = {
			isa = XCSwiftPackageProductDependency;
			package = 249F36DB2C64992200AE58BF /* XCRemoteSwiftPackageReference "Kingfisher" */;
			productName = Kingfisher;
		};
/* End XCSwiftPackageProductDependency section */
	};
	rootObject = 249F36AA2C6497DA00AE58BF /* Project object */;
}
